<?xml version="1.0" encoding="utf-8"?>
<Project ToolsVersion="4.0" xmlns="http://schemas.microsoft.com/developer/msbuild/2003">
  <ItemGroup>
    <Filter Include="Source Files">
      <UniqueIdentifier>{4FC737F1-C7A5-4376-A066-2A32D752A2FF}</UniqueIdentifier>
      <Extensions>cpp;c;cc;cxx;def;odl;idl;hpj;bat;asm;asmx</Extensions>
    </Filter>
    <Filter Include="Header Files">
      <UniqueIdentifier>{93995380-89BD-4b04-88EB-625FBE52EBFB}</UniqueIdentifier>
      <Extensions>h;hh;hpp;hxx;hm;inl;inc;xsd</Extensions>
    </Filter>
    <Filter Include="Resource Files">
      <UniqueIdentifier>{67DA6AB6-F800-4c08-8B7A-83BB121AAD01}</UniqueIdentifier>
      <Extensions>rc;ico;cur;bmp;dlg;rc2;rct;bin;rgs;gif;jpg;jpeg;jpe;resx;tiff;tif;png;wav;mfcribbon-ms</Extensions>
    </Filter>
    <Filter Include="Game">
      <UniqueIdentifier>{1500a985-e6f8-4d0d-a9bb-5e17a529161d}</UniqueIdentifier>
    </Filter>
    <Filter Include="Irrlicht">
      <UniqueIdentifier>{d26611b1-84ab-4b0d-96db-f013b96ddc0a}</UniqueIdentifier>
    </Filter>
    <Filter Include="Irrlicht\Events">
      <UniqueIdentifier>{aaef8990-6a04-47a9-b2ae-ecfb3189dade}</UniqueIdentifier>
    </Filter>
    <Filter Include="Irrklang">
      <UniqueIdentifier>{cff8a513-3300-45f0-8718-09ad8223a62e}</UniqueIdentifier>
    </Filter>
    <Filter Include="TexturesManager">
      <UniqueIdentifier>{1f9ceb2b-64df-4f89-a6dd-8761e43e761c}</UniqueIdentifier>
    </Filter>
    <Filter Include="GameObject">
      <UniqueIdentifier>{42a5f9f8-f54f-4938-b5ff-bea6bc07af92}</UniqueIdentifier>
    </Filter>
    <Filter Include="GameObject\Enemy">
      <UniqueIdentifier>{a3ccb05b-244b-4afe-9f5d-697a3101dd1b}</UniqueIdentifier>
    </Filter>
    <Filter Include="GameObject\Player">
      <UniqueIdentifier>{b7186a6b-ef7e-4d73-9edf-c5f9ae7cbaa3}</UniqueIdentifier>
    </Filter>
    <Filter Include="GameObject\Bullet">
      <UniqueIdentifier>{c4b90101-20d1-4a54-ab23-c7e987a17830}</UniqueIdentifier>
    </Filter>
    <Filter Include="Effect">
      <UniqueIdentifier>{e4d7324f-0183-4ae0-bc0f-856172a458f2}</UniqueIdentifier>
    </Filter>
    <Filter Include="Irrlicht\GUI">
      <UniqueIdentifier>{ee037e8d-5975-4612-b03a-0c4a6769dabc}</UniqueIdentifier>
    </Filter>
  </ItemGroup>
  <ItemGroup>
    <ClCompile Include="main.cpp">
      <Filter>Source Files</Filter>
    </ClCompile>
    <ClCompile Include="Game.cpp">
      <Filter>Game</Filter>
    </ClCompile>
    <ClCompile Include="GameEvents.cpp">
      <Filter>Irrlicht\Events</Filter>
    </ClCompile>
    <ClCompile Include="Gui.cpp">
      <Filter>Irrlicht\GUI</Filter>
    </ClCompile>
    <ClCompile Include="TextureManager.cpp">
      <Filter>TexturesManager</Filter>
    </ClCompile>
    <ClCompile Include="GameObject.cpp">
      <Filter>GameObject</Filter>
    </ClCompile>
    <ClCompile Include="Player.cpp">
      <Filter>GameObject\Player</Filter>
    </ClCompile>
    <ClCompile Include="Enemy.cpp">
      <Filter>GameObject\Enemy</Filter>
    </ClCompile>
    <ClCompile Include="Bullet.cpp">
      <Filter>GameObject\Bullet</Filter>
    </ClCompile>
    <ClCompile Include="BulletStorage.cpp">
      <Filter>GameObject\Bullet</Filter>
    </ClCompile>
    <ClCompile Include="EnemyStorage.cpp">
      <Filter>GameObject\Enemy</Filter>
    </ClCompile>
    <ClCompile Include="Effect.cpp">
      <Filter>Effect</Filter>
    </ClCompile>
    <ClCompile Include="IrrLicht.cpp">
      <Filter>Irrlicht</Filter>
    </ClCompile>
  </ItemGroup>
  <ItemGroup>
    <ClInclude Include="Game.h">
      <Filter>Game</Filter>
    </ClInclude>
    <ClInclude Include="Global.h">
      <Filter>Irrlicht</Filter>
    </ClInclude>
    <ClInclude Include="Timer.h">
      <Filter>Irrlicht</Filter>
    </ClInclude>
    <ClInclude Include="IrrLicht.h">
      <Filter>Irrlicht</Filter>
    </ClInclude>
    <ClInclude Include="GameEvents.h">
      <Filter>Irrlicht\Events</Filter>
    </ClInclude>
    <ClInclude Include="Irrklang.h">
      <Filter>Irrklang</Filter>
    </ClInclude>
    <ClInclude Include="Gui.h">
      <Filter>Irrlicht\GUI</Filter>
    </ClInclude>
    <ClInclude Include="TextureManager.h">
      <Filter>TexturesManager</Filter>
    </ClInclude>
    <ClInclude Include="GameObject.h">
      <Filter>GameObject</Filter>
    </ClInclude>
    <ClInclude Include="Player.h">
      <Filter>GameObject\Player</Filter>
    </ClInclude>
    <ClInclude Include="Enemy.h">
      <Filter>GameObject\Enemy</Filter>
    </ClInclude>
    <ClInclude Include="Bullet.h">
      <Filter>GameObject\Bullet</Filter>
    </ClInclude>
    <ClInclude Include="BulletStorage.h">
      <Filter>GameObject\Bullet</Filter>
    </ClInclude>
    <ClInclude Include="EnemyStorage.h">
      <Filter>GameObject\Enemy</Filter>
    </ClInclude>
    <ClInclude Include="Effect.h">
      <Filter>Effect</Filter>
    </ClInclude>
  </ItemGroup>
</Project>